
Microsoft Visual Studio Solution File, Format Version 12.00
# Visual Studio 15
Project("{FAE04EC0-301F-11D3-BF4B-00C04F79EFBC}") = "Oculus.Platform", "Oculus.Platform.csproj", "{2ACFE15C-AE11-4779-416B-BBD21BFB8F6E}"
EndProject
Project("{FAE04EC0-301F-11D3-BF4B-00C04F79EFBC}") = "Assembly-CSharp", "Assembly-CSharp.csproj", "{E33972CC-20AA-4B6A-B1D3-B6C63FA21F13}"
EndProject
Project("{FAE04EC0-301F-11D3-BF4B-00C04F79EFBC}") = "Oculus.Interaction", "Oculus.Interaction.csproj", "{25B2F258-8255-83D5-69F2-1B58658422EF}"
EndProject
Project("{FAE04EC0-301F-11D3-BF4B-00C04F79EFBC}") = "Oculus.Spatializer", "Oculus.Spatializer.csproj", "{0097DB8B-D0F6-86A0-5A40-3382D691497E}"
EndProject
Project("{FAE04EC0-301F-11D3-BF4B-00C04F79EFBC}") = "Facebook.WitAI", "Facebook.WitAI.csproj", "{13F32D28-B293-C82B-72F7-87E82E12F394}"
EndProject
Project("{FAE04EC0-301F-11D3-BF4B-00C04F79EFBC}") = "Oculus.AudioManager", "Oculus.AudioManager.csproj", "{88C5194C-1212-9ECF-EB58-7D492F671738}"
EndProject
Project("{FAE04EC0-301F-11D3-BF4B-00C04F79EFBC}") = "Oculus.VR", "Oculus.VR.csproj", "{EA690D56-3F83-814C-3275-C3F552A2C72A}"
EndProject
Project("{FAE04EC0-301F-11D3-BF4B-00C04F79EFBC}") = "Oculus.Interaction.Samples", "Oculus.Interaction.Samples.csproj", "{D077ED93-0629-89E2-3B4B-B8EF6FF8627F}"
EndProject
Project("{FAE04EC0-301F-11D3-BF4B-00C04F79EFBC}") = "VoiceSDK.Runtime", "VoiceSDK.Runtime.csproj", "{D8CD8A70-EB47-694A-35B7-9F8114B48E15}"
EndProject
Project("{FAE04EC0-301F-11D3-BF4B-00C04F79EFBC}") = "AssistantCoreSDKRuntime", "AssistantCoreSDKRuntime.csproj", "{0B4A3A67-F513-B5F8-B74A-2E19DD5EBDB0}"
EndProject
Project("{FAE04EC0-301F-11D3-BF4B-00C04F79EFBC}") = "Runtime", "Runtime.csproj", "{9A7FC162-BBA8-9B8E-E7C7-E96F7AC34C9D}"
EndProject
Project("{FAE04EC0-301F-11D3-BF4B-00C04F79EFBC}") = "Oculus.LipSync", "Oculus.LipSync.csproj", "{3E63F498-52F4-61CB-BFB9-9E58A7131949}"
EndProject
Project("{FAE04EC0-301F-11D3-BF4B-00C04F79EFBC}") = "Oculus.Platform.Editor", "Oculus.Platform.Editor.csproj", "{7005517F-4595-22AA-60D7-A3DFEB8A1305}"
EndProject
Project("{FAE04EC0-301F-11D3-BF4B-00C04F79EFBC}") = "Oculus.AudioManager.Audio.Editor", "Oculus.AudioManager.Audio.Editor.csproj", "{3C0C0028-474B-BF0A-E5C6-F6330704F69C}"
EndProject
Project("{FAE04EC0-301F-11D3-BF4B-00C04F79EFBC}") = "Oculus.Interaction.Editor", "Oculus.Interaction.Editor.csproj", "{969D6BB2-9BFE-F326-0B0C-CB24F119B8B9}"
EndProject
Project("{FAE04EC0-301F-11D3-BF4B-00C04F79EFBC}") = "Oculus.VR.Scripts.Editor", "Oculus.VR.Scripts.Editor.csproj", "{F137AE2C-C5B2-C380-9310-FCED40F31E19}"
EndProject
Project("{FAE04EC0-301F-11D3-BF4B-00C04F79EFBC}") = "Facebook.Wit.Editor", "Facebook.Wit.Editor.csproj", "{292BBAB4-A834-7525-D885-9BCC7BFFAE94}"
EndProject
Project("{FAE04EC0-301F-11D3-BF4B-00C04F79EFBC}") = "Oculus.Spatializer.Editor", "Oculus.Spatializer.Editor.csproj", "{1C74F6C5-9DA8-3F15-CD5D-5486264E445C}"
EndProject
Project("{FAE04EC0-301F-11D3-BF4B-00C04F79EFBC}") = "Oculus.VR.Editor", "Oculus.VR.Editor.csproj", "{DAA81C15-E250-1E64-6857-AD39AE9D4B11}"
EndProject
Project("{FAE04EC0-301F-11D3-BF4B-00C04F79EFBC}") = "Oculus.LipSync.Editor", "Oculus.LipSync.Editor.csproj", "{904B0A7F-A4B2-7E38-763D-DEBAD537F27E}"
EndProject
Project("{FAE04EC0-301F-11D3-BF4B-00C04F79EFBC}") = "Oculus.Interaction.InterfaceSupport", "Oculus.Interaction.InterfaceSupport.csproj", "{6FE7BF2F-C405-FB8C-370B-F4666B757594}"
EndProject
Project("{FAE04EC0-301F-11D3-BF4B-00C04F79EFBC}") = "Assembly-CSharp-Editor", "Assembly-CSharp-Editor.csproj", "{561A62AE-003E-46D6-4B45-9AA921D35246}"
EndProject
Project("{FAE04EC0-301F-11D3-BF4B-00C04F79EFBC}") = "VoiceSDK.Editor", "VoiceSDK.Editor.csproj", "{4E76B03F-8984-10EA-387A-83F929F4CCCA}"
EndProject
Project("{FAE04EC0-301F-11D3-BF4B-00C04F79EFBC}") = "AssistantCoreSDKEditor", "AssistantCoreSDKEditor.csproj", "{D4ED016D-0482-D212-FBE3-C327EE6E71DE}"
EndProject
Project("{FAE04EC0-301F-11D3-BF4B-00C04F79EFBC}") = "Oculus.AudioManager.Utils.Editor", "Oculus.AudioManager.Utils.Editor.csproj", "{2133D152-7C02-53CB-519B-60D009073709}"
EndProject
Global
	GlobalSection(SolutionConfigurationPlatforms) = preSolution
		Debug|Any CPU = Debug|Any CPU
		Release|Any CPU = Release|Any CPU
	EndGlobalSection
	GlobalSection(ProjectConfigurationPlatforms) = postSolution
		{2ACFE15C-AE11-4779-416B-BBD21BFB8F6E}.Debug|Any CPU.ActiveCfg = Debug|Any CPU
		{2ACFE15C-AE11-4779-416B-BBD21BFB8F6E}.Debug|Any CPU.Build.0 = Debug|Any CPU
		{2ACFE15C-AE11-4779-416B-BBD21BFB8F6E}.Release|Any CPU.ActiveCfg = Release|Any CPU
		{2ACFE15C-AE11-4779-416B-BBD21BFB8F6E}.Release|Any CPU.Build.0 = Release|Any CPU
		{E33972CC-20AA-4B6A-B1D3-B6C63FA21F13}.Debug|Any CPU.ActiveCfg = Debug|Any CPU
		{E33972CC-20AA-4B6A-B1D3-B6C63FA21F13}.Debug|Any CPU.Build.0 = Debug|Any CPU
		{E33972CC-20AA-4B6A-B1D3-B6C63FA21F13}.Release|Any CPU.ActiveCfg = Release|Any CPU
		{E33972CC-20AA-4B6A-B1D3-B6C63FA21F13}.Release|Any CPU.Build.0 = Release|Any CPU
		{25B2F258-8255-83D5-69F2-1B58658422EF}.Debug|Any CPU.ActiveCfg = Debug|Any CPU
		{25B2F258-8255-83D5-69F2-1B58658422EF}.Debug|Any CPU.Build.0 = Debug|Any CPU
		{25B2F258-8255-83D5-69F2-1B58658422EF}.Release|Any CPU.ActiveCfg = Release|Any CPU
		{25B2F258-8255-83D5-69F2-1B58658422EF}.Release|Any CPU.Build.0 = Release|Any CPU
		{0097DB8B-D0F6-86A0-5A40-3382D691497E}.Debug|Any CPU.ActiveCfg = Debug|Any CPU
		{0097DB8B-D0F6-86A0-5A40-3382D691497E}.Debug|Any CPU.Build.0 = Debug|Any CPU
		{0097DB8B-D0F6-86A0-5A40-3382D691497E}.Release|Any CPU.ActiveCfg = Release|Any CPU
		{0097DB8B-D0F6-86A0-5A40-3382D691497E}.Release|Any CPU.Build.0 = Release|Any CPU
		{13F32D28-B293-C82B-72F7-87E82E12F394}.Debug|Any CPU.ActiveCfg = Debug|Any CPU
		{13F32D28-B293-C82B-72F7-87E82E12F394}.Debug|Any CPU.Build.0 = Debug|Any CPU
		{13F32D28-B293-C82B-72F7-87E82E12F394}.Release|Any CPU.ActiveCfg = Release|Any CPU
		{13F32D28-B293-C82B-72F7-87E82E12F394}.Release|Any CPU.Build.0 = Release|Any CPU
		{88C5194C-1212-9ECF-EB58-7D492F671738}.Debug|Any CPU.ActiveCfg = Debug|Any CPU
		{88C5194C-1212-9ECF-EB58-7D492F671738}.Debug|Any CPU.Build.0 = Debug|Any CPU
		{88C5194C-1212-9ECF-EB58-7D492F671738}.Release|Any CPU.ActiveCfg = Release|Any CPU
		{88C5194C-1212-9ECF-EB58-7D492F671738}.Release|Any CPU.Build.0 = Release|Any CPU
		{EA690D56-3F83-814C-3275-C3F552A2C72A}.Debug|Any CPU.ActiveCfg = Debug|Any CPU
		{EA690D56-3F83-814C-3275-C3F552A2C72A}.Debug|Any CPU.Build.0 = Debug|Any CPU
		{EA690D56-3F83-814C-3275-C3F552A2C72A}.Release|Any CPU.ActiveCfg = Release|Any CPU
		{EA690D56-3F83-814C-3275-C3F552A2C72A}.Release|Any CPU.Build.0 = Release|Any CPU
		{D077ED93-0629-89E2-3B4B-B8EF6FF8627F}.Debug|Any CPU.ActiveCfg = Debug|Any CPU
		{D077ED93-0629-89E2-3B4B-B8EF6FF8627F}.Debug|Any CPU.Build.0 = Debug|Any CPU
		{D077ED93-0629-89E2-3B4B-B8EF6FF8627F}.Release|Any CPU.ActiveCfg = Release|Any CPU
		{D077ED93-0629-89E2-3B4B-B8EF6FF8627F}.Release|Any CPU.Build.0 = Release|Any CPU
		{D8CD8A70-EB47-694A-35B7-9F8114B48E15}.Debug|Any CPU.ActiveCfg = Debug|Any CPU
		{D8CD8A70-EB47-694A-35B7-9F8114B48E15}.Debug|Any CPU.Build.0 = Debug|Any CPU
		{D8CD8A70-EB47-694A-35B7-9F8114B48E15}.Release|Any CPU.ActiveCfg = Release|Any CPU
		{D8CD8A70-EB47-694A-35B7-9F8114B48E15}.Release|Any CPU.Build.0 = Release|Any CPU
		{0B4A3A67-F513-B5F8-B74A-2E19DD5EBDB0}.Debug|Any CPU.ActiveCfg = Debug|Any CPU
		{0B4A3A67-F513-B5F8-B74A-2E19DD5EBDB0}.Debug|Any CPU.Build.0 = Debug|Any CPU
		{0B4A3A67-F513-B5F8-B74A-2E19DD5EBDB0}.Release|Any CPU.ActiveCfg = Release|Any CPU
		{0B4A3A67-F513-B5F8-B74A-2E19DD5EBDB0}.Release|Any CPU.Build.0 = Release|Any CPU
		{9A7FC162-BBA8-9B8E-E7C7-E96F7AC34C9D}.Debug|Any CPU.ActiveCfg = Debug|Any CPU
		{9A7FC162-BBA8-9B8E-E7C7-E96F7AC34C9D}.Debug|Any CPU.Build.0 = Debug|Any CPU
		{9A7FC162-BBA8-9B8E-E7C7-E96F7AC34C9D}.Release|Any CPU.ActiveCfg = Release|Any CPU
		{9A7FC162-BBA8-9B8E-E7C7-E96F7AC34C9D}.Release|Any CPU.Build.0 = Release|Any CPU
		{3E63F498-52F4-61CB-BFB9-9E58A7131949}.Debug|Any CPU.ActiveCfg = Debug|Any CPU
		{3E63F498-52F4-61CB-BFB9-9E58A7131949}.Debug|Any CPU.Build.0 = Debug|Any CPU
		{3E63F498-52F4-61CB-BFB9-9E58A7131949}.Release|Any CPU.ActiveCfg = Release|Any CPU
		{3E63F498-52F4-61CB-BFB9-9E58A7131949}.Release|Any CPU.Build.0 = Release|Any CPU
		{7005517F-4595-22AA-60D7-A3DFEB8A1305}.Debug|Any CPU.ActiveCfg = Debug|Any CPU
		{7005517F-4595-22AA-60D7-A3DFEB8A1305}.Debug|Any CPU.Build.0 = Debug|Any CPU
		{7005517F-4595-22AA-60D7-A3DFEB8A1305}.Release|Any CPU.ActiveCfg = Release|Any CPU
		{7005517F-4595-22AA-60D7-A3DFEB8A1305}.Release|Any CPU.Build.0 = Release|Any CPU
		{3C0C0028-474B-BF0A-E5C6-F6330704F69C}.Debug|Any CPU.ActiveCfg = Debug|Any CPU
		{3C0C0028-474B-BF0A-E5C6-F6330704F69C}.Debug|Any CPU.Build.0 = Debug|Any CPU
		{3C0C0028-474B-BF0A-E5C6-F6330704F69C}.Release|Any CPU.ActiveCfg = Release|Any CPU
		{3C0C0028-474B-BF0A-E5C6-F6330704F69C}.Release|Any CPU.Build.0 = Release|Any CPU
		{969D6BB2-9BFE-F326-0B0C-CB24F119B8B9}.Debug|Any CPU.ActiveCfg = Debug|Any CPU
		{969D6BB2-9BFE-F326-0B0C-CB24F119B8B9}.Debug|Any CPU.Build.0 = Debug|Any CPU
		{969D6BB2-9BFE-F326-0B0C-CB24F119B8B9}.Release|Any CPU.ActiveCfg = Release|Any CPU
		{969D6BB2-9BFE-F326-0B0C-CB24F119B8B9}.Release|Any CPU.Build.0 = Release|Any CPU
		{F137AE2C-C5B2-C380-9310-FCED40F31E19}.Debug|Any CPU.ActiveCfg = Debug|Any CPU
		{F137AE2C-C5B2-C380-9310-FCED40F31E19}.Debug|Any CPU.Build.0 = Debug|Any CPU
		{F137AE2C-C5B2-C380-9310-FCED40F31E19}.Release|Any CPU.ActiveCfg = Release|Any CPU
		{F137AE2C-C5B2-C380-9310-FCED40F31E19}.Release|Any CPU.Build.0 = Release|Any CPU
		{292BBAB4-A834-7525-D885-9BCC7BFFAE94}.Debug|Any CPU.ActiveCfg = Debug|Any CPU
		{292BBAB4-A834-7525-D885-9BCC7BFFAE94}.Debug|Any CPU.Build.0 = Debug|Any CPU
		{292BBAB4-A834-7525-D885-9BCC7BFFAE94}.Release|Any CPU.ActiveCfg = Release|Any CPU
		{292BBAB4-A834-7525-D885-9BCC7BFFAE94}.Release|Any CPU.Build.0 = Release|Any CPU
		{1C74F6C5-9DA8-3F15-CD5D-5486264E445C}.Debug|Any CPU.ActiveCfg = Debug|Any CPU
		{1C74F6C5-9DA8-3F15-CD5D-5486264E445C}.Debug|Any CPU.Build.0 = Debug|Any CPU
		{1C74F6C5-9DA8-3F15-CD5D-5486264E445C}.Release|Any CPU.ActiveCfg = Release|Any CPU
		{1C74F6C5-9DA8-3F15-CD5D-5486264E445C}.Release|Any CPU.Build.0 = Release|Any CPU
		{DAA81C15-E250-1E64-6857-AD39AE9D4B11}.Debug|Any CPU.ActiveCfg = Debug|Any CPU
		{DAA81C15-E250-1E64-6857-AD39AE9D4B11}.Debug|Any CPU.Build.0 = Debug|Any CPU
		{DAA81C15-E250-1E64-6857-AD39AE9D4B11}.Release|Any CPU.ActiveCfg = Release|Any CPU
		{DAA81C15-E250-1E64-6857-AD39AE9D4B11}.Release|Any CPU.Build.0 = Release|Any CPU
		{904B0A7F-A4B2-7E38-763D-DEBAD537F27E}.Debug|Any CPU.ActiveCfg = Debug|Any CPU
		{904B0A7F-A4B2-7E38-763D-DEBAD537F27E}.Debug|Any CPU.Build.0 = Debug|Any CPU
		{904B0A7F-A4B2-7E38-763D-DEBAD537F27E}.Release|Any CPU.ActiveCfg = Release|Any CPU
		{904B0A7F-A4B2-7E38-763D-DEBAD537F27E}.Release|Any CPU.Build.0 = Release|Any CPU
		{6FE7BF2F-C405-FB8C-370B-F4666B757594}.Debug|Any CPU.ActiveCfg = Debug|Any CPU
		{6FE7BF2F-C405-FB8C-370B-F4666B757594}.Debug|Any CPU.Build.0 = Debug|Any CPU
		{6FE7BF2F-C405-FB8C-370B-F4666B757594}.Release|Any CPU.ActiveCfg = Release|Any CPU
		{6FE7BF2F-C405-FB8C-370B-F4666B757594}.Release|Any CPU.Build.0 = Release|Any CPU
		{561A62AE-003E-46D6-4B45-9AA921D35246}.Debug|Any CPU.ActiveCfg = Debug|Any CPU
		{561A62AE-003E-46D6-4B45-9AA921D35246}.Debug|Any CPU.Build.0 = Debug|Any CPU
		{561A62AE-003E-46D6-4B45-9AA921D35246}.Release|Any CPU.ActiveCfg = Release|Any CPU
		{561A62AE-003E-46D6-4B45-9AA921D35246}.Release|Any CPU.Build.0 = Release|Any CPU
		{4E76B03F-8984-10EA-387A-83F929F4CCCA}.Debug|Any CPU.ActiveCfg = Debug|Any CPU
		{4E76B03F-8984-10EA-387A-83F929F4CCCA}.Debug|Any CPU.Build.0 = Debug|Any CPU
		{4E76B03F-8984-10EA-387A-83F929F4CCCA}.Release|Any CPU.ActiveCfg = Release|Any CPU
		{4E76B03F-8984-10EA-387A-83F929F4CCCA}.Release|Any CPU.Build.0 = Release|Any CPU
		{D4ED016D-0482-D212-FBE3-C327EE6E71DE}.Debug|Any CPU.ActiveCfg = Debug|Any CPU
		{D4ED016D-0482-D212-FBE3-C327EE6E71DE}.Debug|Any CPU.Build.0 = Debug|Any CPU
		{D4ED016D-0482-D212-FBE3-C327EE6E71DE}.Release|Any CPU.ActiveCfg = Release|Any CPU
		{D4ED016D-0482-D212-FBE3-C327EE6E71DE}.Release|Any CPU.Build.0 = Release|Any CPU
		{2133D152-7C02-53CB-519B-60D009073709}.Debug|Any CPU.ActiveCfg = Debug|Any CPU
		{2133D152-7C02-53CB-519B-60D009073709}.Debug|Any CPU.Build.0 = Debug|Any CPU
		{2133D152-7C02-53CB-519B-60D009073709}.Release|Any CPU.ActiveCfg = Release|Any CPU
		{2133D152-7C02-53CB-519B-60D009073709}.Release|Any CPU.Build.0 = Release|Any CPU
	EndGlobalSection
	GlobalSection(SolutionProperties) = preSolution
		HideSolutionNode = FALSE
	EndGlobalSection
EndGlobal
